// !$*UTF8*$!
{
	archiveVersion = 1;
	classes = {
	};
	objectVersion = 46;
	objects = {

/* Begin PBXBuildFile section */
		FA1F08A81B80B16A00B9C5BC /* AppDelegate.swift in Sources */ = {isa = PBXBuildFile; fileRef = FA1F08A71B80B16A00B9C5BC /* AppDelegate.swift */; };
		FA1F08AD1B80B16A00B9C5BC /* Main.storyboard in Resources */ = {isa = PBXBuildFile; fileRef = FA1F08AB1B80B16A00B9C5BC /* Main.storyboard */; };
		FA1F08AF1B80B16A00B9C5BC /* Assets.xcassets in Resources */ = {isa = PBXBuildFile; fileRef = FA1F08AE1B80B16A00B9C5BC /* Assets.xcassets */; };
		FA1F08B21B80B16A00B9C5BC /* LaunchScreen.storyboard in Resources */ = {isa = PBXBuildFile; fileRef = FA1F08B01B80B16A00B9C5BC /* LaunchScreen.storyboard */; };
		FA1F08BD1B80B16A00B9C5BC /* MVVMProtocolExperimentTests.swift in Sources */ = {isa = PBXBuildFile; fileRef = FA1F08BC1B80B16A00B9C5BC /* MVVMProtocolExperimentTests.swift */; };
		FA1F08C81B80B16A00B9C5BC /* MVVMProtocolExperimentUITests.swift in Sources */ = {isa = PBXBuildFile; fileRef = FA1F08C71B80B16A00B9C5BC /* MVVMProtocolExperimentUITests.swift */; };
		FA1F08D61B80B23D00B9C5BC /* SettingsViewController.swift in Sources */ = {isa = PBXBuildFile; fileRef = FA1F08D51B80B23D00B9C5BC /* SettingsViewController.swift */; };
		FA1F08D81B80B2A400B9C5BC /* SwitchWithTextTableViewCell.swift in Sources */ = {isa = PBXBuildFile; fileRef = FA1F08D71B80B2A400B9C5BC /* SwitchWithTextTableViewCell.swift */; };
		FA1F08DA1B80B9A900B9C5BC /* MinionModeViewModel.swift in Sources */ = {isa = PBXBuildFile; fileRef = FA1F08D91B80B9A900B9C5BC /* MinionModeViewModel.swift */; };
/* End PBXBuildFile section */

/* Begin PBXContainerItemProxy section */
		FA1F08B91B80B16A00B9C5BC /* PBXContainerItemProxy */ = {
			isa = PBXContainerItemProxy;
			containerPortal = FA1F089C1B80B16A00B9C5BC /* Project object */;
			proxyType = 1;
			remoteGlobalIDString = FA1F08A31B80B16A00B9C5BC;
			remoteInfo = MVVMProtocolExperiment;
		};
		FA1F08C41B80B16A00B9C5BC /* PBXContainerItemProxy */ = {
			isa = PBXContainerItemProxy;
			containerPortal = FA1F089C1B80B16A00B9C5BC /* Project object */;
			proxyType = 1;
			remoteGlobalIDString = FA1F08A31B80B16A00B9C5BC;
			remoteInfo = MVVMProtocolExperiment;
		};
/* End PBXContainerItemProxy section */

/* Begin PBXFileReference section */
		FA1F08A41B80B16A00B9C5BC /* MVVMProtocolExperiment.app */ = {isa = PBXFileReference; explicitFileType = wrapper.application; includeInIndex = 0; path = MVVMProtocolExperiment.app; sourceTree = BUILT_PRODUCTS_DIR; };
		FA1F08A71B80B16A00B9C5BC /* AppDelegate.swift */ = {isa = PBXFileReference; lastKnownFileType = sourcecode.swift; path = AppDelegate.swift; sourceTree = "<group>"; };
		FA1F08AC1B80B16A00B9C5BC /* Base */ = {isa = PBXFileReference; lastKnownFileType = file.storyboard; name = Base; path = Base.lproj/Main.storyboard; sourceTree = "<group>"; };
		FA1F08AE1B80B16A00B9C5BC /* Assets.xcassets */ = {isa = PBXFileReference; lastKnownFileType = folder.assetcatalog; path = Assets.xcassets; sourceTree = "<group>"; };
		FA1F08B11B80B16A00B9C5BC /* Base */ = {isa = PBXFileReference; lastKnownFileType = file.storyboard; name = Base; path = Base.lproj/LaunchScreen.storyboard; sourceTree = "<group>"; };
		FA1F08B31B80B16A00B9C5BC /* Info.plist */ = {isa = PBXFileReference; lastKnownFileType = text.plist.xml; path = Info.plist; sourceTree = "<group>"; };
		FA1F08B81B80B16A00B9C5BC /* MVVMProtocolExperimentTests.xctest */ = {isa = PBXFileReference; explicitFileType = wrapper.cfbundle; includeInIndex = 0; path = MVVMProtocolExperimentTests.xctest; sourceTree = BUILT_PRODUCTS_DIR; };
		FA1F08BC1B80B16A00B9C5BC /* MVVMProtocolExperimentTests.swift */ = {isa = PBXFileReference; lastKnownFileType = sourcecode.swift; path = MVVMProtocolExperimentTests.swift; sourceTree = "<group>"; };
		FA1F08BE1B80B16A00B9C5BC /* Info.plist */ = {isa = PBXFileReference; lastKnownFileType = text.plist.xml; path = Info.plist; sourceTree = "<group>"; };
		FA1F08C31B80B16A00B9C5BC /* MVVMProtocolExperimentUITests.xctest */ = {isa = PBXFileReference; explicitFileType = wrapper.cfbundle; includeInIndex = 0; path = MVVMProtocolExperimentUITests.xctest; sourceTree = BUILT_PRODUCTS_DIR; };
		FA1F08C71B80B16A00B9C5BC /* MVVMProtocolExperimentUITests.swift */ = {isa = PBXFileReference; lastKnownFileType = sourcecode.swift; path = MVVMProtocolExperimentUITests.swift; sourceTree = "<group>"; };
		FA1F08C91B80B16A00B9C5BC /* Info.plist */ = {isa = PBXFileReference; lastKnownFileType = text.plist.xml; path = Info.plist; sourceTree = "<group>"; };
		FA1F08D51B80B23D00B9C5BC /* SettingsViewController.swift */ = {isa = PBXFileReference; fileEncoding = 4; lastKnownFileType = sourcecode.swift; path = SettingsViewController.swift; sourceTree = "<group>"; };
		FA1F08D71B80B2A400B9C5BC /* SwitchWithTextTableViewCell.swift */ = {isa = PBXFileReference; fileEncoding = 4; lastKnownFileType = sourcecode.swift; path = SwitchWithTextTableViewCell.swift; sourceTree = "<group>"; };
		FA1F08D91B80B9A900B9C5BC /* MinionModeViewModel.swift */ = {isa = PBXFileReference; fileEncoding = 4; lastKnownFileType = sourcecode.swift; path = MinionModeViewModel.swift; sourceTree = "<group>"; };
/* End PBXFileReference section */

/* Begin PBXFrameworksBuildPhase section */
		FA1F08A11B80B16A00B9C5BC /* Frameworks */ = {
			isa = PBXFrameworksBuildPhase;
			buildActionMask = 2147483647;
			files = (
			);
			runOnlyForDeploymentPostprocessing = 0;
		};
		FA1F08B51B80B16A00B9C5BC /* Frameworks */ = {
			isa = PBXFrameworksBuildPhase;
			buildActionMask = 2147483647;
			files = (
			);
			runOnlyForDeploymentPostprocessing = 0;
		};
		FA1F08C01B80B16A00B9C5BC /* Frameworks */ = {
			isa = PBXFrameworksBuildPhase;
			buildActionMask = 2147483647;
			files = (
			);
			runOnlyForDeploymentPostprocessing = 0;
		};
/* End PBXFrameworksBuildPhase section */

/* Begin PBXGroup section */
		FA1F089B1B80B16A00B9C5BC = {
			isa = PBXGroup;
			children = (
				FA1F08A61B80B16A00B9C5BC /* MVVMProtocolExperiment */,
				FA1F08BB1B80B16A00B9C5BC /* MVVMProtocolExperimentTests */,
				FA1F08C61B80B16A00B9C5BC /* MVVMProtocolExperimentUITests */,
				FA1F08A51B80B16A00B9C5BC /* Products */,
			);
			sourceTree = "<group>";
		};
		FA1F08A51B80B16A00B9C5BC /* Products */ = {
			isa = PBXGroup;
			children = (
				FA1F08A41B80B16A00B9C5BC /* MVVMProtocolExperiment.app */,
				FA1F08B81B80B16A00B9C5BC /* MVVMProtocolExperimentTests.xctest */,
				FA1F08C31B80B16A00B9C5BC /* MVVMProtocolExperimentUITests.xctest */,
			);
			name = Products;
			sourceTree = "<group>";
		};
		FA1F08A61B80B16A00B9C5BC /* MVVMProtocolExperiment */ = {
			isa = PBXGroup;
			children = (
				FA1F08A71B80B16A00B9C5BC /* AppDelegate.swift */,
				FA1F08AB1B80B16A00B9C5BC /* Main.storyboard */,
				FA1F08D51B80B23D00B9C5BC /* SettingsViewController.swift */,
				FA1F08D91B80B9A900B9C5BC /* MinionModeViewModel.swift */,
				FA1F08D71B80B2A400B9C5BC /* SwitchWithTextTableViewCell.swift */,
				FA1F08AE1B80B16A00B9C5BC /* Assets.xcassets */,
				FA1F08B01B80B16A00B9C5BC /* LaunchScreen.storyboard */,
				FA1F08B31B80B16A00B9C5BC /* Info.plist */,
			);
			path = MVVMProtocolExperiment;
			sourceTree = "<group>";
		};
		FA1F08BB1B80B16A00B9C5BC /* MVVMProtocolExperimentTests */ = {
			isa = PBXGroup;
			children = (
				FA1F08BC1B80B16A00B9C5BC /* MVVMProtocolExperimentTests.swift */,
				FA1F08BE1B80B16A00B9C5BC /* Info.plist */,
			);
			path = MVVMProtocolExperimentTests;
			sourceTree = "<group>";
		};
		FA1F08C61B80B16A00B9C5BC /* MVVMProtocolExperimentUITests */ = {
			isa = PBXGroup;
			children = (
				FA1F08C71B80B16A00B9C5BC /* MVVMProtocolExperimentUITests.swift */,
				FA1F08C91B80B16A00B9C5BC /* Info.plist */,
			);
			path = MVVMProtocolExperimentUITests;
			sourceTree = "<group>";
		};
/* End PBXGroup section */

/* Begin PBXNativeTarget section */
		FA1F08A31B80B16A00B9C5BC /* MVVMProtocolExperiment */ = {
			isa = PBXNativeTarget;
			buildConfigurationList = FA1F08CC1B80B16A00B9C5BC /* Build configuration list for PBXNativeTarget "MVVMProtocolExperiment" */;
			buildPhases = (
				FA1F08A01B80B16A00B9C5BC /* Sources */,
				FA1F08A11B80B16A00B9C5BC /* Frameworks */,
				FA1F08A21B80B16A00B9C5BC /* Resources */,
			);
			buildRules = (
			);
			dependencies = (
			);
			name = MVVMProtocolExperiment;
			productName = MVVMProtocolExperiment;
			productReference = FA1F08A41B80B16A00B9C5BC /* MVVMProtocolExperiment.app */;
			productType = "com.apple.product-type.application";
		};
		FA1F08B71B80B16A00B9C5BC /* MVVMProtocolExperimentTests */ = {
			isa = PBXNativeTarget;
			buildConfigurationList = FA1F08CF1B80B16A00B9C5BC /* Build configuration list for PBXNativeTarget "MVVMProtocolExperimentTests" */;
			buildPhases = (
				FA1F08B41B80B16A00B9C5BC /* Sources */,
				FA1F08B51B80B16A00B9C5BC /* Frameworks */,
				FA1F08B61B80B16A00B9C5BC /* Resources */,
			);
			buildRules = (
			);
			dependencies = (
				FA1F08BA1B80B16A00B9C5BC /* PBXTargetDependency */,
			);
			name = MVVMProtocolExperimentTests;
			productName = MVVMProtocolExperimentTests;
			productReference = FA1F08B81B80B16A00B9C5BC /* MVVMProtocolExperimentTests.xctest */;
			productType = "com.apple.product-type.bundle.unit-test";
		};
		FA1F08C21B80B16A00B9C5BC /* MVVMProtocolExperimentUITests */ = {
			isa = PBXNativeTarget;
			buildConfigurationList = FA1F08D21B80B16A00B9C5BC /* Build configuration list for PBXNativeTarget "MVVMProtocolExperimentUITests" */;
			buildPhases = (
				FA1F08BF1B80B16A00B9C5BC /* Sources */,
				FA1F08C01B80B16A00B9C5BC /* Frameworks */,
				FA1F08C11B80B16A00B9C5BC /* Resources */,
			);
			buildRules = (
			);
			dependencies = (
				FA1F08C51B80B16A00B9C5BC /* PBXTargetDependency */,
			);
			name = MVVMProtocolExperimentUITests;
			productName = MVVMProtocolExperimentUITests;
			productReference = FA1F08C31B80B16A00B9C5BC /* MVVMProtocolExperimentUITests.xctest */;
			productType = "com.apple.product-type.bundle.ui-testing";
		};
/* End PBXNativeTarget section */

/* Begin PBXProject section */
		FA1F089C1B80B16A00B9C5BC /* Project object */ = {
			isa = PBXProject;
			attributes = {
				LastUpgradeCheck = 0820;
				ORGANIZATIONNAME = NatashaTheRobot;
				TargetAttributes = {
					FA1F08A31B80B16A00B9C5BC = {
						CreatedOnToolsVersion = 7.0;
						LastSwiftMigration = 0820;
					};
					FA1F08B71B80B16A00B9C5BC = {
						CreatedOnToolsVersion = 7.0;
						LastSwiftMigration = 0820;
						TestTargetID = FA1F08A31B80B16A00B9C5BC;
					};
					FA1F08C21B80B16A00B9C5BC = {
						CreatedOnToolsVersion = 7.0;
						LastSwiftMigration = 0820;
						TestTargetID = FA1F08A31B80B16A00B9C5BC;
					};
				};
			};
			buildConfigurationList = FA1F089F1B80B16A00B9C5BC /* Build configuration list for PBXProject "MVVMProtocolExperiment" */;
			compatibilityVersion = "Xcode 3.2";
			developmentRegion = English;
			hasScannedForEncodings = 0;
			knownRegions = (
				en,
				Base,
			);
			mainGroup = FA1F089B1B80B16A00B9C5BC;
			productRefGroup = FA1F08A51B80B16A00B9C5BC /* Products */;
			projectDirPath = "";
			projectRoot = "";
			targets = (
				FA1F08A31B80B16A00B9C5BC /* MVVMProtocolExperiment */,
				FA1F08B71B80B16A00B9C5BC /* MVVMProtocolExperimentTests */,
				FA1F08C21B80B16A00B9C5BC /* MVVMProtocolExperimentUITests */,
			);
		};
/* End PBXProject section */

/* Begin PBXResourcesBuildPhase section */
		FA1F08A21B80B16A00B9C5BC /* Resources */ = {
			isa = PBXResourcesBuildPhase;
			buildActionMask = 2147483647;
			files = (
				FA1F08B21B80B16A00B9C5BC /* LaunchScreen.storyboard in Resources */,
				FA1F08AF1B80B16A00B9C5BC /* Assets.xcassets in Resources */,
				FA1F08AD1B80B16A00B9C5BC /* Main.storyboard in Resources */,
			);
			runOnlyForDeploymentPostprocessing = 0;
		};
		FA1F08B61B80B16A00B9C5BC /* Resources */ = {
			isa = PBXResourcesBuildPhase;
			buildActionMask = 2147483647;
			files = (
			);
			runOnlyForDeploymentPostprocessing = 0;
		};
		FA1F08C11B80B16A00B9C5BC /* Resources */ = {
			isa = PBXResourcesBuildPhase;
			buildActionMask = 2147483647;
			files = (
			);
			runOnlyForDeploymentPostprocessing = 0;
		};
/* End PBXResourcesBuildPhase section */

/* Begin PBXSourcesBuildPhase section */
		FA1F08A01B80B16A00B9C5BC /* Sources */ = {
			isa = PBXSourcesBuildPhase;
			buildActionMask = 2147483647;
			files = (
				FA1F08A81B80B16A00B9C5BC /* AppDelegate.swift in Sources */,
				FA1F08D81B80B2A400B9C5BC /* SwitchWithTextTableViewCell.swift in Sources */,
				FA1F08DA1B80B9A900B9C5BC /* MinionModeViewModel.swift in Sources */,
				FA1F08D61B80B23D00B9C5BC /* SettingsViewController.swift in Sources */,
			);
			runOnlyForDeploymentPostprocessing = 0;
		};
		FA1F08B41B80B16A00B9C5BC /* Sources */ = {
			isa = PBXSourcesBuildPhase;
			buildActionMask = 2147483647;
			files = (
				FA1F08BD1B80B16A00B9C5BC /* MVVMProtocolExperimentTests.swift in Sources */,
			);
			runOnlyForDeploymentPostprocessing = 0;
		};
		FA1F08BF1B80B16A00B9C5BC /* Sources */ = {
			isa = PBXSourcesBuildPhase;
			buildActionMask = 2147483647;
			files = (
				FA1F08C81B80B16A00B9C5BC /* MVVMProtocolExperimentUITests.swift in Sources */,
			);
			runOnlyForDeploymentPostprocessing = 0;
		};
/* End PBXSourcesBuildPhase section */

/* Begin PBXTargetDependency section */
		FA1F08BA1B80B16A00B9C5BC /* PBXTargetDependency */ = {
			isa = PBXTargetDependency;
			target = FA1F08A31B80B16A00B9C5BC /* MVVMProtocolExperiment */;
			targetProxy = FA1F08B91B80B16A00B9C5BC /* PBXContainerItemProxy */;
		};
		FA1F08C51B80B16A00B9C5BC /* PBXTargetDependency */ = {
			isa = PBXTargetDependency;
			target = FA1F08A31B80B16A00B9C5BC /* MVVMProtocolExperiment */;
			targetProxy = FA1F08C41B80B16A00B9C5BC /* PBXContainerItemProxy */;
		};
/* End PBXTargetDependency section */

/* Begin PBXVariantGroup section */
		FA1F08AB1B80B16A00B9C5BC /* Main.storyboard */ = {
			isa = PBXVariantGroup;
			children = (
				FA1F08AC1B80B16A00B9C5BC /* Base */,
			);
			name = Main.storyboard;
			sourceTree = "<group>";
		};
		FA1F08B01B80B16A00B9C5BC /* LaunchScreen.storyboard */ = {
			isa = PBXVariantGroup;
			children = (
				FA1F08B11B80B16A00B9C5BC /* Base */,
			);
			name = LaunchScreen.storyboard;
			sourceTree = "<group>";
		};
/* End PBXVariantGroup section */

/* Begin XCBuildConfiguration section */
		FA1F08CA1B80B16A00B9C5BC /* Debug */ = {
			isa = XCBuildConfiguration;
			buildSettings = {
				ALWAYS_SEARCH_USER_PATHS = NO;
				CLANG_CXX_LANGUAGE_STANDARD = "gnu++0x";
				CLANG_CXX_LIBRARY = "libc++";
				CLANG_ENABLE_MODULES = YES;
				CLANG_ENABLE_OBJC_ARC = YES;
				CLANG_WARN_BOOL_CONVERSION = YES;
				CLANG_WARN_CONSTANT_CONVERSION = YES;
				CLANG_WARN_DIRECT_OBJC_ISA_USAGE = YES_ERROR;
				CLANG_WARN_EMPTY_BODY = YES;
				CLANG_WARN_ENUM_CONVERSION = YES;
				CLANG_WARN_INFINITE_RECURSION = YES;
				CLANG_WARN_INT_CONVERSION = YES;
				CLANG_WARN_OBJC_ROOT_CLASS = YES_ERROR;
				CLANG_WARN_SUSPICIOUS_MOVE = YES;
				CLANG_WARN_UNREACHABLE_CODE = YES;
				CLANG_WARN__DUPLICATE_METHOD_MATCH = YES;
				"CODE_SIGN_IDENTITY[sdk=iphoneos*]" = "iPhone Developer";
				COPY_PHASE_STRIP = NO;
				DEBUG_INFORMATION_FORMAT = dwarf;
				ENABLE_STRICT_OBJC_MSGSEND = YES;
				ENABLE_TESTABILITY = YES;
				GCC_C_LANGUAGE_STANDARD = gnu99;
				GCC_DYNAMIC_NO_PIC = NO;
				GCC_NO_COMMON_BLOCKS = YES;
				GCC_OPTIMIZATION_LEVEL = 0;
				GCC_PREPROCESSOR_DEFINITIONS = (
					"DEBUG=1",
					"$(inherited)",
				);
				GCC_WARN_64_TO_32_BIT_CONVERSION = YES;
				GCC_WARN_ABOUT_RETURN_TYPE = YES_ERROR;
				GCC_WARN_UNDECLARED_SELECTOR = YES;
				GCC_WARN_UNINITIALIZED_AUTOS = YES_AGGRESSIVE;
				GCC_WARN_UNUSED_FUNCTION = YES;
				GCC_WARN_UNUSED_VARIABLE = YES;
				IPHONEOS_DEPLOYMENT_TARGET = 9.0;
				MTL_ENABLE_DEBUG_INFO = YES;
				ONLY_ACTIVE_ARCH = YES;
				SDKROOT = iphoneos;
				SWIFT_OPTIMIZATION_LEVEL = "-Onone";
			};
			name = Debug;
		};
		FA1F08CB1B80B16A00B9C5BC /* Release */ = {
			isa = XCBuildConfiguration;
			buildSettings = {
				ALWAYS_SEARCH_USER_PATHS = NO;
				CLANG_CXX_LANGUAGE_STANDARD = "gnu++0x";
				CLANG_CXX_LIBRARY = "libc++";
				CLANG_ENABLE_MODULES = YES;
				CLANG_ENABLE_OBJC_ARC = YES;
				CLANG_WARN_BOOL_CONVERSION = YES;
				CLANG_WARN_CONSTANT_CONVERSION = YES;
				CLANG_WARN_DIRECT_OBJC_ISA_USAGE = YES_ERROR;
				CLANG_WARN_EMPTY_BODY = YES;
				CLANG_WARN_ENUM_CONVERSION = YES;
				CLANG_WARN_INFINITE_RECURSION = YES;
				CLANG_WARN_INT_CONVERSION = YES;
				CLANG_WARN_OBJC_ROOT_CLASS = YES_ERROR;
				CLANG_WARN_SUSPICIOUS_MOVE = YES;
				CLANG_WARN_UNREACHABLE_CODE = YES;
				CLANG_WARN__DUPLICATE_METHOD_MATCH = YES;
				"CODE_SIGN_IDENTITY[sdk=iphoneos*]" = "iPhone Developer";
				COPY_PHASE_STRIP = NO;
				DEBUG_INFORMATION_FORMAT = "dwarf-with-dsym";
				ENABLE_NS_ASSERTIONS = NO;
				ENABLE_STRICT_OBJC_MSGSEND = YES;
				GCC_C_LANGUAGE_STANDARD = gnu99;
				GCC_NO_COMMON_BLOCKS = YES;
				GCC_WARN_64_TO_32_BIT_CONVERSION = YES;
				GCC_WARN_ABOUT_RETURN_TYPE = YES_ERROR;
				GCC_WARN_UNDECLARED_SELECTOR = YES;
				GCC_WARN_UNINITIALIZED_AUTOS = YES_AGGRESSIVE;
				GCC_WARN_UNUSED_FUNCTION = YES;
				GCC_WARN_UNUSED_VARIABLE = YES;
				IPHONEOS_DEPLOYMENT_TARGET = 9.0;
				MTL_ENABLE_DEBUG_INFO = NO;
				SDKROOT = iphoneos;
				SWIFT_OPTIMIZATION_LEVEL = "-Owholemodule";
				VALIDATE_PRODUCT = YES;
			};
			name = Release;
		};
		FA1F08CD1B80B16A00B9C5BC /* Debug */ = {
			isa = XCBuildConfiguration;
			buildSettings = {
				ASSETCATALOG_COMPILER_APPICON_NAME = AppIcon;
				INFOPLIST_FILE = MVVMProtocolExperiment/Info.plist;
				LD_RUNPATH_SEARCH_PATHS = "$(inherited) @executable_path/Frameworks";
				PRODUCT_BUNDLE_IDENTIFIER = com.natashatherobot.MVVMProtocolExperiment;
				PRODUCT_NAME = "$(TARGET_NAME)";
				SWIFT_VERSION = 3.0;
			};
			name = Debug;
		};
		FA1F08CE1B80B16A00B9C5BC /* Release */ = {
			isa = XCBuildConfiguration;
			buildSettings = {
				ASSETCATALOG_COMPILER_APPICON_NAME = AppIcon;
				INFOPLIST_FILE = MVVMProtocolExperiment/Info.plist;
				LD_RUNPATH_SEARCH_PATHS = "$(inherited) @executable_path/Frameworks";
				PRODUCT_BUNDLE_IDENTIFIER = com.natashatherobot.MVVMProtocolExperiment;
				PRODUCT_NAME = "$(TARGET_NAME)";
				SWIFT_VERSION = 3.0;
			};
			name = Release;
		};
		FA1F08D01B80B16A00B9C5BC /* Debug */ = {
			isa = XCBuildConfiguration;
			buildSettings = {
				BUNDLE_LOADER = "$(TEST_HOST)";
				INFOPLIST_FILE = MVVMProtocolExperimentTests/Info.plist;
				LD_RUNPATH_SEARCH_PATHS = "$(inherited) @executable_path/Frameworks @loader_path/Frameworks";
				PRODUCT_BUNDLE_IDENTIFIER = com.natashatherobot.MVVMProtocolExperimentTests;
				PRODUCT_NAME = "$(TARGET_NAME)";
				SWIFT_VERSION = 3.0;
				TEST_HOST = "$(BUILT_PRODUCTS_DIR)/MVVMProtocolExperiment.app/MVVMProtocolExperiment";
			};
			name = Debug;
		};
		FA1F08D11B80B16A00B9C5BC /* Release */ = {
			isa = XCBuildConfiguration;
			buildSettings = {
				BUNDLE_LOADER = "$(TEST_HOST)";
				INFOPLIST_FILE = MVVMProtocolExperimentTests/Info.plist;
				LD_RUNPATH_SEARCH_PATHS = "$(inherited) @executable_path/Frameworks @loader_path/Frameworks";
				PRODUCT_BUNDLE_IDENTIFIER = com.natashatherobot.MVVMProtocolExperimentTests;
				PRODUCT_NAME = "$(TARGET_NAME)";
				SWIFT_VERSION = 3.0;
				TEST_HOST = "$(BUILT_PRODUCTS_DIR)/MVVMProtocolExperiment.app/MVVMProtocolExperiment";
			};
			name = Release;
		};
		FA1F08D31B80B16A00B9C5BC /* Debug */ = {
			isa = XCBuildConfiguration;
			buildSettings = {
				INFOPLIST_FILE = MVVMProtocolExperimentUITests/Info.plist;
				LD_RUNPATH_SEARCH_PATHS = "$(inherited) @executable_path/Frameworks @loader_path/Frameworks";
				PRODUCT_BUNDLE_IDENTIFIER = com.natashatherobot.MVVMProtocolExperimentUITests;
				PRODUCT_NAME = "$(TARGET_NAME)";
				SWIFT_VERSION = 3.0;
				TEST_TARGET_NAME = MVVMProtocolExperiment;
				USES_XCTRUNNER = YES;
			};
			name = Debug;
		};
		FA1F08D41B80B16A00B9C5BC /* Release */ = {
			isa = XCBuildConfiguration;
			buildSettings = {
				INFOPLIST_FILE = MVVMProtocolExperimentUITests/Info.plist;
				LD_RUNPATH_SEARCH_PATHS = "$(inherited) @executable_path/Frameworks @loader_path/Frameworks";
				PRODUCT_BUNDLE_IDENTIFIER = com.natashatherobot.MVVMProtocolExperimentUITests;
				PRODUCT_NAME = "$(TARGET_NAME)";
				SWIFT_VERSION = 3.0;
				TEST_TARGET_NAME = MVVMProtocolExperiment;
				USES_XCTRUNNER = YES;
			};
			name = Release;
		};
/* End XCBuildConfiguration section */

/* Begin XCConfigurationList section */
		FA1F089F1B80B16A00B9C5BC /* Build configuration list for PBXProject "MVVMProtocolExperiment" */ = {
			isa = XCConfigurationList;
			buildConfigurations = (
				FA1F08CA1B80B16A00B9C5BC /* Debug */,
				FA1F08CB1B80B16A00B9C5BC /* Release */,
			);
			defaultConfigurationIsVisible = 0;
			defaultConfigurationName = Release;
		};
		FA1F08CC1B80B16A00B9C5BC /* Build configuration list for PBXNativeTarget "MVVMProtocolExperiment" */ = {
			isa = XCConfigurationList;
			buildConfigurations = (
				FA1F08CD1B80B16A00B9C5BC /* Debug */,
				FA1F08CE1B80B16A00B9C5BC /* Release */,
			);
			defaultConfigurationIsVisible = 0;
			defaultConfigurationName = Release;
		};
		FA1F08CF1B80B16A00B9C5BC /* Build configuration list for PBXNativeTarget "MVVMProtocolExperimentTests" */ = {
			isa = XCConfigurationList;
			buildConfigurations = (
				FA1F08D01B80B16A00B9C5BC /* Debug */,
				FA1F08D11B80B16A00B9C5BC /* Release */,
			);
			defaultConfigurationIsVisible = 0;
			defaultConfigurationName = Release;
		};
		FA1F08D21B80B16A00B9C5BC /* Build configuration list for PBXNativeTarget "MVVMProtocolExperimentUITests" */ = {
			isa = XCConfigurationList;
			buildConfigurations = (
				FA1F08D31B80B16A00B9C5BC /* Debug */,
				FA1F08D41B80B16A00B9C5BC /* Release */,
			);
			defaultConfigurationIsVisible = 0;
			defaultConfigurationName = Release;
		};
/* End XCConfigurationList section */
	};
	rootObject = FA1F089C1B80B16A00B9C5BC /* Project object */;
}
